{
  "name": "weather-forecast-server",
  "version": "0.0.0",
  "lockfileVersion": 1,
  "requires": true,
  "dependencies": {
    "systeminformation": {
      "version": "3.45.5",
      "resolved": "https://registry.npmjs.org/systeminformation/-/systeminformation-3.45.5.tgz",
      "integrity": "sha512-/vlNZuqVzjVhwA7M7r9bdqdYFT+qy3HpIkQxT32QrguqgQhdrLAp4LQVd7uXhCN0tYJc2ZhCrq4vcS6EEyE8DQ=="
    }
  }
}
